
Microsoft Visual Studio Solution File, Format Version 12.00
# Visual Studio Version 17
VisualStudioVersion = 17.5.33502.453
MinimumVisualStudioVersion = 10.0.40219.1
Project("{FAE04EC0-301F-11D3-BF4B-00C04F79EFBC}") = "ImdbClasses", "ImdbClasses.csproj", "{D116A742-E27A-4FDA-BB81-BE69AE0FB1F7}"
EndProject
Global
	GlobalSection(SolutionConfigurationPlatforms) = preSolution
		Debug|Any CPU = Debug|Any CPU
		Release|Any CPU = Release|Any CPU
	EndGlobalSection
	GlobalSection(ProjectConfigurationPlatforms) = postSolution
		{D116A742-E27A-4FDA-BB81-BE69AE0FB1F7}.Debug|Any CPU.ActiveCfg = Debug|Any CPU
		{D116A742-E27A-4FDA-BB81-BE69AE0FB1F7}.Debug|Any CPU.Build.0 = Debug|Any CPU
		{D116A742-E27A-4FDA-BB81-BE69AE0FB1F7}.Release|Any CPU.ActiveCfg = Release|Any CPU
		{D116A742-E27A-4FDA-BB81-BE69AE0FB1F7}.Release|Any CPU.Build.0 = Release|Any CPU
	EndGlobalSection
	GlobalSection(SolutionProperties) = preSolution
		HideSolutionNode = FALSE
	EndGlobalSection
	GlobalSection(ExtensibilityGlobals) = postSolution
		SolutionGuid = {E462F165-EA5C-485C-8FAB-FC73BBA5BF0E}
	EndGlobalSection
EndGlobal
